
Microsoft Visual Studio Solution File, Format Version 12.00
# Visual Studio Version 16
VisualStudioVersion = 16.0.28917.182
MinimumVisualStudioVersion = 10.0.40219.1
Project("{9A19103F-16F7-4668-BE54-9A1E7A4F7556}") = "BrawlCrate", "BrawlCrate\BrawlCrate.csproj", "{0B8588FD-74EE-4A7D-A397-91EA3F6A2C77}"
	ProjectSection(ProjectDependencies) = postProject
		{9FAFC886-08B5-4922-BECC-E03D84FF15B0} = {9FAFC886-08B5-4922-BECC-E03D84FF15B0}
	EndProjectSection
EndProject
Project("{9A19103F-16F7-4668-BE54-9A1E7A4F7556}") = "BrawlLib", "BrawlLib\BrawlLib.csproj", "{462D0BBF-CE82-405B-8848-2F91E9E14C55}"
EndProject
Project("{9A19103F-16F7-4668-BE54-9A1E7A4F7556}") = "Updater", "Updater\Updater.csproj", "{9FAFC886-08B5-4922-BECC-E03D84FF15B0}"
EndProject
Global
	GlobalSection(Performance) = preSolution
		HasPerformanceSessions = true
	EndGlobalSection
	GlobalSection(SolutionConfigurationPlatforms) = preSolution
		Canary|Any CPU = Canary|Any CPU
		Canary|x64 = Canary|x64
		Canary|x86 = Canary|x86
		Debug|Any CPU = Debug|Any CPU
		Debug|x64 = Debug|x64
		Debug|x86 = Debug|x86
		Documentation|Any CPU = Documentation|Any CPU
		Documentation|x64 = Documentation|x64
		Documentation|x86 = Documentation|x86
		Mono|Any CPU = Mono|Any CPU
		Mono|x64 = Mono|x64
		Mono|x86 = Mono|x86
		Release|Any CPU = Release|Any CPU
		Release|x64 = Release|x64
		Release|x86 = Release|x86
	EndGlobalSection
	GlobalSection(ProjectConfigurationPlatforms) = postSolution
		{0B8588FD-74EE-4A7D-A397-91EA3F6A2C77}.Canary|Any CPU.ActiveCfg = Canary|Any CPU
		{0B8588FD-74EE-4A7D-A397-91EA3F6A2C77}.Canary|Any CPU.Build.0 = Canary|Any CPU
		{0B8588FD-74EE-4A7D-A397-91EA3F6A2C77}.Canary|x64.ActiveCfg = Canary|x64
		{0B8588FD-74EE-4A7D-A397-91EA3F6A2C77}.Canary|x64.Build.0 = Canary|x64
		{0B8588FD-74EE-4A7D-A397-91EA3F6A2C77}.Canary|x86.ActiveCfg = Canary|x86
		{0B8588FD-74EE-4A7D-A397-91EA3F6A2C77}.Canary|x86.Build.0 = Canary|x86
		{0B8588FD-74EE-4A7D-A397-91EA3F6A2C77}.Debug|Any CPU.ActiveCfg = Debug|Any CPU
		{0B8588FD-74EE-4A7D-A397-91EA3F6A2C77}.Debug|Any CPU.Build.0 = Debug|Any CPU
		{0B8588FD-74EE-4A7D-A397-91EA3F6A2C77}.Debug|x64.ActiveCfg = Debug|x64
		{0B8588FD-74EE-4A7D-A397-91EA3F6A2C77}.Debug|x64.Build.0 = Debug|x64
		{0B8588FD-74EE-4A7D-A397-91EA3F6A2C77}.Debug|x86.ActiveCfg = Debug|x86
		{0B8588FD-74EE-4A7D-A397-91EA3F6A2C77}.Debug|x86.Build.0 = Debug|x86
		{0B8588FD-74EE-4A7D-A397-91EA3F6A2C77}.Documentation|Any CPU.ActiveCfg = Documentation|Any CPU
		{0B8588FD-74EE-4A7D-A397-91EA3F6A2C77}.Documentation|Any CPU.Build.0 = Documentation|Any CPU
		{0B8588FD-74EE-4A7D-A397-91EA3F6A2C77}.Documentation|x64.ActiveCfg = Documentation|x64
		{0B8588FD-74EE-4A7D-A397-91EA3F6A2C77}.Documentation|x64.Build.0 = Documentation|x64
		{0B8588FD-74EE-4A7D-A397-91EA3F6A2C77}.Documentation|x86.ActiveCfg = Documentation|x86
		{0B8588FD-74EE-4A7D-A397-91EA3F6A2C77}.Documentation|x86.Build.0 = Documentation|x86
		{0B8588FD-74EE-4A7D-A397-91EA3F6A2C77}.Mono|Any CPU.ActiveCfg = Mono|Any CPU
		{0B8588FD-74EE-4A7D-A397-91EA3F6A2C77}.Mono|Any CPU.Build.0 = Mono|Any CPU
		{0B8588FD-74EE-4A7D-A397-91EA3F6A2C77}.Mono|x64.ActiveCfg = Mono|x64
		{0B8588FD-74EE-4A7D-A397-91EA3F6A2C77}.Mono|x64.Build.0 = Mono|x64
		{0B8588FD-74EE-4A7D-A397-91EA3F6A2C77}.Mono|x86.ActiveCfg = Mono|x86
		{0B8588FD-74EE-4A7D-A397-91EA3F6A2C77}.Mono|x86.Build.0 = Mono|x86
		{0B8588FD-74EE-4A7D-A397-91EA3F6A2C77}.Release|Any CPU.ActiveCfg = Release|Any CPU
		{0B8588FD-74EE-4A7D-A397-91EA3F6A2C77}.Release|Any CPU.Build.0 = Release|Any CPU
		{0B8588FD-74EE-4A7D-A397-91EA3F6A2C77}.Release|x64.ActiveCfg = Release|x64
		{0B8588FD-74EE-4A7D-A397-91EA3F6A2C77}.Release|x64.Build.0 = Release|x64
		{0B8588FD-74EE-4A7D-A397-91EA3F6A2C77}.Release|x86.ActiveCfg = Release|x86
		{0B8588FD-74EE-4A7D-A397-91EA3F6A2C77}.Release|x86.Build.0 = Release|x86
		{462D0BBF-CE82-405B-8848-2F91E9E14C55}.Canary|Any CPU.ActiveCfg = Canary|Any CPU
		{462D0BBF-CE82-405B-8848-2F91E9E14C55}.Canary|Any CPU.Build.0 = Canary|Any CPU
		{462D0BBF-CE82-405B-8848-2F91E9E14C55}.Canary|x64.ActiveCfg = Canary|x64
		{462D0BBF-CE82-405B-8848-2F91E9E14C55}.Canary|x64.Build.0 = Canary|x64
		{462D0BBF-CE82-405B-8848-2F91E9E14C55}.Canary|x86.ActiveCfg = Canary|x86
		{462D0BBF-CE82-405B-8848-2F91E9E14C55}.Canary|x86.Build.0 = Canary|x86
		{462D0BBF-CE82-405B-8848-2F91E9E14C55}.Debug|Any CPU.ActiveCfg = Debug|Any CPU
		{462D0BBF-CE82-405B-8848-2F91E9E14C55}.Debug|Any CPU.Build.0 = Debug|Any CPU
		{462D0BBF-CE82-405B-8848-2F91E9E14C55}.Debug|x64.ActiveCfg = Debug|x64
		{462D0BBF-CE82-405B-8848-2F91E9E14C55}.Debug|x64.Build.0 = Debug|x64
		{462D0BBF-CE82-405B-8848-2F91E9E14C55}.Debug|x86.ActiveCfg = Debug|x86
		{462D0BBF-CE82-405B-8848-2F91E9E14C55}.Debug|x86.Build.0 = Debug|x86
		{462D0BBF-CE82-405B-8848-2F91E9E14C55}.Documentation|Any CPU.ActiveCfg = Documentation|Any CPU
		{462D0BBF-CE82-405B-8848-2F91E9E14C55}.Documentation|Any CPU.Build.0 = Documentation|Any CPU
		{462D0BBF-CE82-405B-8848-2F91E9E14C55}.Documentation|x64.ActiveCfg = Documentation|x64
		{462D0BBF-CE82-405B-8848-2F91E9E14C55}.Documentation|x64.Build.0 = Documentation|x64
		{462D0BBF-CE82-405B-8848-2F91E9E14C55}.Documentation|x86.ActiveCfg = Documentation|x86
		{462D0BBF-CE82-405B-8848-2F91E9E14C55}.Documentation|x86.Build.0 = Documentation|x86
		{462D0BBF-CE82-405B-8848-2F91E9E14C55}.Mono|Any CPU.ActiveCfg = Mono|Any CPU
		{462D0BBF-CE82-405B-8848-2F91E9E14C55}.Mono|Any CPU.Build.0 = Mono|Any CPU
		{462D0BBF-CE82-405B-8848-2F91E9E14C55}.Mono|x64.ActiveCfg = Mono|x64
		{462D0BBF-CE82-405B-8848-2F91E9E14C55}.Mono|x64.Build.0 = Mono|x64
		{462D0BBF-CE82-405B-8848-2F91E9E14C55}.Mono|x86.ActiveCfg = Mono|x86
		{462D0BBF-CE82-405B-8848-2F91E9E14C55}.Mono|x86.Build.0 = Mono|x86
		{462D0BBF-CE82-405B-8848-2F91E9E14C55}.Release|Any CPU.ActiveCfg = Release|Any CPU
		{462D0BBF-CE82-405B-8848-2F91E9E14C55}.Release|Any CPU.Build.0 = Release|Any CPU
		{462D0BBF-CE82-405B-8848-2F91E9E14C55}.Release|x64.ActiveCfg = Release|x64
		{462D0BBF-CE82-405B-8848-2F91E9E14C55}.Release|x64.Build.0 = Release|x64
		{462D0BBF-CE82-405B-8848-2F91E9E14C55}.Release|x86.ActiveCfg = Release|x86
		{462D0BBF-CE82-405B-8848-2F91E9E14C55}.Release|x86.Build.0 = Release|x86
		{9FAFC886-08B5-4922-BECC-E03D84FF15B0}.Canary|Any CPU.ActiveCfg = Canary|Any CPU
		{9FAFC886-08B5-4922-BECC-E03D84FF15B0}.Canary|Any CPU.Build.0 = Canary|Any CPU
		{9FAFC886-08B5-4922-BECC-E03D84FF15B0}.Canary|x64.ActiveCfg = Canary|x64
		{9FAFC886-08B5-4922-BECC-E03D84FF15B0}.Canary|x64.Build.0 = Canary|x64
		{9FAFC886-08B5-4922-BECC-E03D84FF15B0}.Canary|x86.ActiveCfg = Canary|x86
		{9FAFC886-08B5-4922-BECC-E03D84FF15B0}.Canary|x86.Build.0 = Canary|x86
		{9FAFC886-08B5-4922-BECC-E03D84FF15B0}.Debug|Any CPU.ActiveCfg = Debug|Any CPU
		{9FAFC886-08B5-4922-BECC-E03D84FF15B0}.Debug|Any CPU.Build.0 = Debug|Any CPU
		{9FAFC886-08B5-4922-BECC-E03D84FF15B0}.Debug|x64.ActiveCfg = Debug|x64
		{9FAFC886-08B5-4922-BECC-E03D84FF15B0}.Debug|x64.Build.0 = Debug|x64
		{9FAFC886-08B5-4922-BECC-E03D84FF15B0}.Debug|x86.ActiveCfg = Debug|x86
		{9FAFC886-08B5-4922-BECC-E03D84FF15B0}.Debug|x86.Build.0 = Debug|x86
		{9FAFC886-08B5-4922-BECC-E03D84FF15B0}.Documentation|Any CPU.ActiveCfg = Documentation|Any CPU
		{9FAFC886-08B5-4922-BECC-E03D84FF15B0}.Documentation|Any CPU.Build.0 = Documentation|Any CPU
		{9FAFC886-08B5-4922-BECC-E03D84FF15B0}.Documentation|x64.ActiveCfg = Documentation|x64
		{9FAFC886-08B5-4922-BECC-E03D84FF15B0}.Documentation|x64.Build.0 = Documentation|x64
		{9FAFC886-08B5-4922-BECC-E03D84FF15B0}.Documentation|x86.ActiveCfg = Documentation|x86
		{9FAFC886-08B5-4922-BECC-E03D84FF15B0}.Documentation|x86.Build.0 = Documentation|x86
		{9FAFC886-08B5-4922-BECC-E03D84FF15B0}.Mono|Any CPU.ActiveCfg = Mono|Any CPU
		{9FAFC886-08B5-4922-BECC-E03D84FF15B0}.Mono|Any CPU.Build.0 = Mono|Any CPU
		{9FAFC886-08B5-4922-BECC-E03D84FF15B0}.Mono|x64.ActiveCfg = Mono|x64
		{9FAFC886-08B5-4922-BECC-E03D84FF15B0}.Mono|x64.Build.0 = Mono|x64
		{9FAFC886-08B5-4922-BECC-E03D84FF15B0}.Mono|x86.ActiveCfg = Mono|x86
		{9FAFC886-08B5-4922-BECC-E03D84FF15B0}.Mono|x86.Build.0 = Mono|x86
		{9FAFC886-08B5-4922-BECC-E03D84FF15B0}.Release|Any CPU.ActiveCfg = Release|Any CPU
		{9FAFC886-08B5-4922-BECC-E03D84FF15B0}.Release|Any CPU.Build.0 = Release|Any CPU
		{9FAFC886-08B5-4922-BECC-E03D84FF15B0}.Release|x64.ActiveCfg = Release|x64
		{9FAFC886-08B5-4922-BECC-E03D84FF15B0}.Release|x64.Build.0 = Release|x64
		{9FAFC886-08B5-4922-BECC-E03D84FF15B0}.Release|x86.ActiveCfg = Release|x86
		{9FAFC886-08B5-4922-BECC-E03D84FF15B0}.Release|x86.Build.0 = Release|x86
	EndGlobalSection
	GlobalSection(SolutionProperties) = preSolution
		HideSolutionNode = FALSE
	EndGlobalSection
	GlobalSection(ExtensibilityGlobals) = postSolution
		SolutionGuid = {42637ABE-4DBE-43A8-A583-EDE28808FA7B}
	EndGlobalSection
	GlobalSection(MonoDevelopProperties) = preSolution
		StartupItem = BrawlCrate\BrawlCrate.csproj
	EndGlobalSection
EndGlobal
